
Microsoft Visual Studio Solution File, Format Version 12.00
Project("{FAE04EC0-301F-11D3-BF4B-00C04F79EFBC}") = "GigavenuePlanB", "GigavenuePlanB\GigavenuePlanB.csproj", "{3647BA2E-4C2F-41FB-A959-77B6B525E3DF}"
EndProject
Global
	GlobalSection(SolutionConfigurationPlatforms) = preSolution
		Debug|Any CPU = Debug|Any CPU
		Release|Any CPU = Release|Any CPU
	EndGlobalSection
	GlobalSection(ProjectConfigurationPlatforms) = postSolution
		{3647BA2E-4C2F-41FB-A959-77B6B525E3DF}.Debug|Any CPU.ActiveCfg = Debug|Any CPU
		{3647BA2E-4C2F-41FB-A959-77B6B525E3DF}.Debug|Any CPU.Build.0 = Debug|Any CPU
		{3647BA2E-4C2F-41FB-A959-77B6B525E3DF}.Release|Any CPU.ActiveCfg = Release|Any CPU
		{3647BA2E-4C2F-41FB-A959-77B6B525E3DF}.Release|Any CPU.Build.0 = Release|Any CPU
	EndGlobalSection
EndGlobal
